{
  "name": "angularjs",
  "version": "1.0.0",
  "lockfileVersion": 1,
  "requires": true,
  "dependencies": {
    "angular": {
      "version": "1.5.8",
      "resolved": "https://registry.npmjs.org/angular/-/angular-1.5.8.tgz",
      "integrity": "sha1-klpTkrjCEtCVctxEbbfgEmTglMs="
    },
    "angular-animate": {
      "version": "1.5.8",
      "resolved": "https://registry.npmjs.org/angular-animate/-/angular-animate-1.5.8.tgz",
      "integrity": "sha1-U19zaSJaun+xW/cTTHGxW8Y1xYY="
    },
    "angular-aria": {
      "version": "1.5.8",
      "resolved": "https://registry.npmjs.org/angular-aria/-/angular-aria-1.5.8.tgz",
      "integrity": "sha1-VY+gfcgsb6V7FDjmYLvc/LgFovU="
    },
    "angular-material": {
      "version": "0.11.4",
      "resolved": "https://registry.npmjs.org/angular-material/-/angular-material-0.11.4.tgz",
      "integrity": "sha1-Z+p3KxMKzoyAsCuB10uANRuRl20="
    },
    "angular-ui-router": {
      "version": "0.2.18",
      "resolved": "https://registry.npmjs.org/angular-ui-router/-/angular-ui-router-0.2.18.tgz",
      "integrity": "sha1-Ha1wQVxz1wRv0uEw3wPWL7dGQ2A=",
      "requires": {
        "angular": "1.5.8"
      }
    },
    "mdi": {
      "version": "1.7.22",
      "resolved": "https://registry.npmjs.org/mdi/-/mdi-1.7.22.tgz",
      "integrity": "sha1-sB/4JakcGdOIsDPqdo4X/256CQQ="
    }
  }
}
